{
	"name": "moment-timezone",
	"version": "0.6.00",
	"lockfileVersion": 3,
	"requires": true,
	"packages": {
		"": {
			"name": "moment-timezone",
			"version": "0.6.00",
			"license": "MIT",
			"dependencies": {
				"moment": "git+https://git@github.com/verybestjp/moment.git"
			},
			"engines": {
				"node": "*"
			}
		},
		"node_modules/moment": {
			"version": "2.29.4",
			"resolved": "git+https://git@github.com/verybestjp/moment.git#7fad50af05ae268091141304470ab2dfc61d92b7",
			"license": "MIT",
			"engines": {
				"node": "*"
			}
		}
	}
}
